{
  "name": "weatheryoulikeit",
  "version": "1.0.0",
  "lockfileVersion": 1,
  "requires": true,
  "dependencies": {
    "@types/angular": {
      "version": "https://registry.npmjs.org/@types/angular/-/angular-1.6.39.tgz",
      "integrity": "sha1-DDSTj8VG82DBSBdoby5FPr8iMS8=",
      "dev": true
    },
    "@types/jquery": {
      "version": "3.2.16",
      "resolved": "https://registry.npmjs.org/@types/jquery/-/jquery-3.2.16.tgz",
      "integrity": "sha512-q2WC02YxQoX2nY1HRKlYGHpGP1saPmD7GN0pwCDlTz35a4eOtJG+aHRlXyjCuXokUukSrR2aXyBhSW3j+jPc0A==",
      "dev": true
    },
    "angular": {
      "version": "https://registry.npmjs.org/angular/-/angular-1.6.7.tgz",
      "integrity": "sha1-D4mDfa4XdrAcyx+iCW2w2Tc9mJc="
    },
    "angular-sanitize": {
      "version": "https://registry.npmjs.org/angular-sanitize/-/angular-sanitize-1.6.7.tgz",
      "integrity": "sha1-Wj1hrXuLaZkjMpY12ZJIvPziZAg="
    },
    "angularjs-rzslider": {
      "version": "0.1.4",
      "resolved": "https://registry.npmjs.org/angularjs-rzslider/-/angularjs-rzslider-0.1.4.tgz",
      "integrity": "sha1-b5LwY4PhUf/yzohL8uYPZrkoJMQ="
    }
  }
}
